
Microsoft Visual Studio Solution File, Format Version 12.00
# Visual Studio Version 17
VisualStudioVersion = 17.10.34928.147
MinimumVisualStudioVersion = 10.0.40219.1
Project("{8BC9CEB8-8B4A-11D0-8D11-00A0C91BC942}") = "Симуляция Жизни", "Симуляция Жизни.vcxproj", "{731E02AD-F7DB-4FA5-B46A-32C39E261580}"
EndProject
Global
	GlobalSection(SolutionConfigurationPlatforms) = preSolution
		Debug|x64 = Debug|x64
		Debug|x86 = Debug|x86
		Release|x64 = Release|x64
		Release|x86 = Release|x86
	EndGlobalSection
	GlobalSection(ProjectConfigurationPlatforms) = postSolution
		{731E02AD-F7DB-4FA5-B46A-32C39E261580}.Debug|x64.ActiveCfg = Debug|x64
		{731E02AD-F7DB-4FA5-B46A-32C39E261580}.Debug|x64.Build.0 = Debug|x64
		{731E02AD-F7DB-4FA5-B46A-32C39E261580}.Debug|x86.ActiveCfg = Debug|Win32
		{731E02AD-F7DB-4FA5-B46A-32C39E261580}.Debug|x86.Build.0 = Debug|Win32
		{731E02AD-F7DB-4FA5-B46A-32C39E261580}.Release|x64.ActiveCfg = Release|x64
		{731E02AD-F7DB-4FA5-B46A-32C39E261580}.Release|x64.Build.0 = Release|x64
		{731E02AD-F7DB-4FA5-B46A-32C39E261580}.Release|x86.ActiveCfg = Release|Win32
		{731E02AD-F7DB-4FA5-B46A-32C39E261580}.Release|x86.Build.0 = Release|Win32
	EndGlobalSection
	GlobalSection(SolutionProperties) = preSolution
		HideSolutionNode = FALSE
	EndGlobalSection
	GlobalSection(ExtensibilityGlobals) = postSolution
		SolutionGuid = {AE7BBD53-3F1A-4585-9501-417D03B270F4}
	EndGlobalSection
EndGlobal
